
Microsoft Visual Studio Solution File, Format Version 12.00
# Visual Studio Version 17
VisualStudioVersion = 17.9.34723.18
MinimumVisualStudioVersion = 10.0.40219.1
Project("{9A19103F-16F7-4668-BE54-9A1E7A4F7556}") = "CursoCSharp", "CursoCSharp.csproj", "{F7C4877D-E475-4985-B276-CFB03E596F81}"
EndProject
Project("{FAE04EC0-301F-11D3-BF4B-00C04F79EFBC}") = "Encapsulamento", "..\Encapsulamento\Encapsulamento.csproj", "{6E54FEF6-3201-46C7-8EC8-39CC99129428}"
EndProject
Global
	GlobalSection(SolutionConfigurationPlatforms) = preSolution
		Debug|Any CPU = Debug|Any CPU
		Release|Any CPU = Release|Any CPU
	EndGlobalSection
	GlobalSection(ProjectConfigurationPlatforms) = postSolution
		{F7C4877D-E475-4985-B276-CFB03E596F81}.Debug|Any CPU.ActiveCfg = Debug|Any CPU
		{F7C4877D-E475-4985-B276-CFB03E596F81}.Debug|Any CPU.Build.0 = Debug|Any CPU
		{F7C4877D-E475-4985-B276-CFB03E596F81}.Release|Any CPU.ActiveCfg = Release|Any CPU
		{F7C4877D-E475-4985-B276-CFB03E596F81}.Release|Any CPU.Build.0 = Release|Any CPU
		{6E54FEF6-3201-46C7-8EC8-39CC99129428}.Debug|Any CPU.ActiveCfg = Debug|Any CPU
		{6E54FEF6-3201-46C7-8EC8-39CC99129428}.Debug|Any CPU.Build.0 = Debug|Any CPU
		{6E54FEF6-3201-46C7-8EC8-39CC99129428}.Release|Any CPU.ActiveCfg = Release|Any CPU
		{6E54FEF6-3201-46C7-8EC8-39CC99129428}.Release|Any CPU.Build.0 = Release|Any CPU
	EndGlobalSection
	GlobalSection(SolutionProperties) = preSolution
		HideSolutionNode = FALSE
	EndGlobalSection
	GlobalSection(ExtensibilityGlobals) = postSolution
		SolutionGuid = {EB9B8BC0-E232-4DAC-B160-64E91D8445E6}
	EndGlobalSection
EndGlobal
